
Microsoft Visual Studio Solution File, Format Version 12.00
# Visual Studio 15
Project("{FAE04EC0-301F-11D3-BF4B-00C04F79EFBC}") = "Assembly-CSharp", "Assembly-CSharp.csproj", "{248CECA6-8920-3CCF-1E04-5C45ABCE7EC6}"
EndProject
Global
	GlobalSection(SolutionConfigurationPlatforms) = preSolution
		Debug|Any CPU = Debug|Any CPU
		Release|Any CPU = Release|Any CPU
	EndGlobalSection
	GlobalSection(ProjectConfigurationPlatforms) = postSolution
		{248CECA6-8920-3CCF-1E04-5C45ABCE7EC6}.Debug|Any CPU.ActiveCfg = Debug|Any CPU
		{248CECA6-8920-3CCF-1E04-5C45ABCE7EC6}.Debug|Any CPU.Build.0 = Debug|Any CPU
		{248CECA6-8920-3CCF-1E04-5C45ABCE7EC6}.Release|Any CPU.ActiveCfg = Release|Any CPU
		{248CECA6-8920-3CCF-1E04-5C45ABCE7EC6}.Release|Any CPU.Build.0 = Release|Any CPU
	EndGlobalSection
	GlobalSection(SolutionProperties) = preSolution
		HideSolutionNode = FALSE
	EndGlobalSection
EndGlobal
